
Microsoft Visual Studio Solution File, Format Version 12.00
# Visual Studio Version 16
VisualStudioVersion = 16.0.30907.101
MinimumVisualStudioVersion = 10.0.40219.1
Project("{9A19103F-16F7-4668-BE54-9A1E7A4F7556}") = "HashMash", "HashMash\HashMash.csproj", "{DE055188-26DC-4676-9040-1154A0015FEF}"
EndProject
Global
	GlobalSection(SolutionConfigurationPlatforms) = preSolution
		Debug|Any CPU = Debug|Any CPU
		Release|Any CPU = Release|Any CPU
	EndGlobalSection
	GlobalSection(ProjectConfigurationPlatforms) = postSolution
		{DE055188-26DC-4676-9040-1154A0015FEF}.Debug|Any CPU.ActiveCfg = Debug|Any CPU
		{DE055188-26DC-4676-9040-1154A0015FEF}.Debug|Any CPU.Build.0 = Debug|Any CPU
		{DE055188-26DC-4676-9040-1154A0015FEF}.Release|Any CPU.ActiveCfg = Release|Any CPU
		{DE055188-26DC-4676-9040-1154A0015FEF}.Release|Any CPU.Build.0 = Release|Any CPU
	EndGlobalSection
	GlobalSection(SolutionProperties) = preSolution
		HideSolutionNode = FALSE
	EndGlobalSection
	GlobalSection(ExtensibilityGlobals) = postSolution
		SolutionGuid = {87624096-E775-48CF-B993-ED6C8784DA0E}
	EndGlobalSection
EndGlobal
